
Microsoft Visual Studio Solution File, Format Version 12.00
# Visual Studio Version 17
VisualStudioVersion = 17.11.35327.3
MinimumVisualStudioVersion = 10.0.40219.1
Project("{FAE04EC0-301F-11D3-BF4B-00C04F79EFBC}") = "DockBar.Avalonia", "DockBar.Avalonia\DockBar.Avalonia.csproj", "{D17BA1D2-3D5E-49AE-A5DA-BD955E54C8FB}"
EndProject
Global
	GlobalSection(SolutionConfigurationPlatforms) = preSolution
		Debug|Any CPU = Debug|Any CPU
		Release|Any CPU = Release|Any CPU
	EndGlobalSection
	GlobalSection(ProjectConfigurationPlatforms) = postSolution
		{D17BA1D2-3D5E-49AE-A5DA-BD955E54C8FB}.Debug|Any CPU.ActiveCfg = Debug|Any CPU
		{D17BA1D2-3D5E-49AE-A5DA-BD955E54C8FB}.Debug|Any CPU.Build.0 = Debug|Any CPU
		{D17BA1D2-3D5E-49AE-A5DA-BD955E54C8FB}.Release|Any CPU.ActiveCfg = Release|Any CPU
		{D17BA1D2-3D5E-49AE-A5DA-BD955E54C8FB}.Release|Any CPU.Build.0 = Release|Any CPU
	EndGlobalSection
	GlobalSection(SolutionProperties) = preSolution
		HideSolutionNode = FALSE
	EndGlobalSection
	GlobalSection(ExtensibilityGlobals) = postSolution
		SolutionGuid = {01462D50-4D1E-40CD-9C31-7D0C4D0F4086}
	EndGlobalSection
EndGlobal
